
Microsoft Visual Studio Solution File, Format Version 12.00
# Visual Studio Version 16
VisualStudioVersion = 16.0.31005.135
MinimumVisualStudioVersion = 10.0.40219.1
Project("{FAE04EC0-301F-11D3-BF4B-00C04F79EFBC}") = "ConsoleUI", "ConsoleUI\ConsoleUI.csproj", "{CC22CAB7-18E2-44F9-A718-EA078EB0C65C}"
EndProject
Project("{FAE04EC0-301F-11D3-BF4B-00C04F79EFBC}") = "GalaxyWarsClassLibrary", "GalaxyWarsClassLibrary\GalaxyWarsClassLibrary.csproj", "{79A91F22-DE92-48C0-A337-548360B095AF}"
EndProject
Project("{FAE04EC0-301F-11D3-BF4B-00C04F79EFBC}") = "WpfUI", "WpfUI\WpfUI.csproj", "{1D8CC6DA-3A51-4A8D-B787-4557F2E7D564}"
EndProject
Project("{2150E333-8FDC-42A3-9474-1A3956D46DE8}") = "Solution Items", "Solution Items", "{CD1FEBCE-F2DC-437E-AA40-679865EC8A15}"
	ProjectSection(SolutionItems) = preProject
		.editorconfig = .editorconfig
	EndProjectSection
EndProject
Project("{FAE04EC0-301F-11D3-BF4B-00C04F79EFBC}") = "WinFormsUI", "WinFormsUI\WinFormsUI.csproj", "{3468C670-85F9-4DAC-BF57-F4E94D1171B9}"
EndProject
Global
	GlobalSection(SolutionConfigurationPlatforms) = preSolution
		Debug|Any CPU = Debug|Any CPU
		Release|Any CPU = Release|Any CPU
	EndGlobalSection
	GlobalSection(ProjectConfigurationPlatforms) = postSolution
		{CC22CAB7-18E2-44F9-A718-EA078EB0C65C}.Debug|Any CPU.ActiveCfg = Debug|Any CPU
		{CC22CAB7-18E2-44F9-A718-EA078EB0C65C}.Debug|Any CPU.Build.0 = Debug|Any CPU
		{CC22CAB7-18E2-44F9-A718-EA078EB0C65C}.Release|Any CPU.ActiveCfg = Release|Any CPU
		{CC22CAB7-18E2-44F9-A718-EA078EB0C65C}.Release|Any CPU.Build.0 = Release|Any CPU
		{79A91F22-DE92-48C0-A337-548360B095AF}.Debug|Any CPU.ActiveCfg = Debug|Any CPU
		{79A91F22-DE92-48C0-A337-548360B095AF}.Debug|Any CPU.Build.0 = Debug|Any CPU
		{79A91F22-DE92-48C0-A337-548360B095AF}.Release|Any CPU.ActiveCfg = Release|Any CPU
		{79A91F22-DE92-48C0-A337-548360B095AF}.Release|Any CPU.Build.0 = Release|Any CPU
		{1D8CC6DA-3A51-4A8D-B787-4557F2E7D564}.Debug|Any CPU.ActiveCfg = Debug|Any CPU
		{1D8CC6DA-3A51-4A8D-B787-4557F2E7D564}.Debug|Any CPU.Build.0 = Debug|Any CPU
		{1D8CC6DA-3A51-4A8D-B787-4557F2E7D564}.Release|Any CPU.ActiveCfg = Release|Any CPU
		{1D8CC6DA-3A51-4A8D-B787-4557F2E7D564}.Release|Any CPU.Build.0 = Release|Any CPU
		{3468C670-85F9-4DAC-BF57-F4E94D1171B9}.Debug|Any CPU.ActiveCfg = Debug|Any CPU
		{3468C670-85F9-4DAC-BF57-F4E94D1171B9}.Debug|Any CPU.Build.0 = Debug|Any CPU
		{3468C670-85F9-4DAC-BF57-F4E94D1171B9}.Release|Any CPU.ActiveCfg = Release|Any CPU
		{3468C670-85F9-4DAC-BF57-F4E94D1171B9}.Release|Any CPU.Build.0 = Release|Any CPU
	EndGlobalSection
	GlobalSection(SolutionProperties) = preSolution
		HideSolutionNode = FALSE
	EndGlobalSection
	GlobalSection(ExtensibilityGlobals) = postSolution
		SolutionGuid = {2066BD83-2FB7-4530-9734-2DC49962D6EA}
	EndGlobalSection
EndGlobal
